
Microsoft Visual Studio Solution File, Format Version 12.00
# Visual Studio Version 17
VisualStudioVersion = 17.7.34031.279
MinimumVisualStudioVersion = 10.0.40219.1
Project("{FAE04EC0-301F-11D3-BF4B-00C04F79EFBC}") = "operators_2", "operators_2\operators_2.csproj", "{20DAAE4C-C01E-44FB-A1C9-A92EFFDB03DE}"
EndProject
Global
	GlobalSection(SolutionConfigurationPlatforms) = preSolution
		Debug|Any CPU = Debug|Any CPU
		Release|Any CPU = Release|Any CPU
	EndGlobalSection
	GlobalSection(ProjectConfigurationPlatforms) = postSolution
		{20DAAE4C-C01E-44FB-A1C9-A92EFFDB03DE}.Debug|Any CPU.ActiveCfg = Debug|Any CPU
		{20DAAE4C-C01E-44FB-A1C9-A92EFFDB03DE}.Debug|Any CPU.Build.0 = Debug|Any CPU
		{20DAAE4C-C01E-44FB-A1C9-A92EFFDB03DE}.Release|Any CPU.ActiveCfg = Release|Any CPU
		{20DAAE4C-C01E-44FB-A1C9-A92EFFDB03DE}.Release|Any CPU.Build.0 = Release|Any CPU
	EndGlobalSection
	GlobalSection(SolutionProperties) = preSolution
		HideSolutionNode = FALSE
	EndGlobalSection
	GlobalSection(ExtensibilityGlobals) = postSolution
		SolutionGuid = {F4E64B71-322F-490C-9D99-038C75E8B598}
	EndGlobalSection
EndGlobal
