
Microsoft Visual Studio Solution File, Format Version 12.00
# Visual Studio Version 17
VisualStudioVersion = 17.7.34031.279
MinimumVisualStudioVersion = 10.0.40219.1
Project("{FAE04EC0-301F-11D3-BF4B-00C04F79EFBC}") = "largestnumber", "largestnumber\largestnumber.csproj", "{9AD63A2E-A23C-4D7D-BB73-844CDAC995CE}"
EndProject
Global
	GlobalSection(SolutionConfigurationPlatforms) = preSolution
		Debug|Any CPU = Debug|Any CPU
		Release|Any CPU = Release|Any CPU
	EndGlobalSection
	GlobalSection(ProjectConfigurationPlatforms) = postSolution
		{9AD63A2E-A23C-4D7D-BB73-844CDAC995CE}.Debug|Any CPU.ActiveCfg = Debug|Any CPU
		{9AD63A2E-A23C-4D7D-BB73-844CDAC995CE}.Debug|Any CPU.Build.0 = Debug|Any CPU
		{9AD63A2E-A23C-4D7D-BB73-844CDAC995CE}.Release|Any CPU.ActiveCfg = Release|Any CPU
		{9AD63A2E-A23C-4D7D-BB73-844CDAC995CE}.Release|Any CPU.Build.0 = Release|Any CPU
	EndGlobalSection
	GlobalSection(SolutionProperties) = preSolution
		HideSolutionNode = FALSE
	EndGlobalSection
	GlobalSection(ExtensibilityGlobals) = postSolution
		SolutionGuid = {B21C61D6-2155-4EBC-9BF6-1A0339711F2F}
	EndGlobalSection
EndGlobal
